
Microsoft Visual Studio Solution File, Format Version 12.00
# Visual Studio Version 17
VisualStudioVersion = 17.2.32616.157
MinimumVisualStudioVersion = 10.0.40219.1
Project("{8BC9CEB8-8B4A-11D0-8D11-00A0C91BC942}") = "HackerRank_C_BoxesTunnel", "HackerRank_C_BoxesTunnel.vcxproj", "{47EC55E1-ADF8-46C6-90A1-D2D476389BD1}"
EndProject
Global
	GlobalSection(SolutionConfigurationPlatforms) = preSolution
		Debug|x64 = Debug|x64
		Debug|x86 = Debug|x86
		Release|x64 = Release|x64
		Release|x86 = Release|x86
	EndGlobalSection
	GlobalSection(ProjectConfigurationPlatforms) = postSolution
		{47EC55E1-ADF8-46C6-90A1-D2D476389BD1}.Debug|x64.ActiveCfg = Debug|x64
		{47EC55E1-ADF8-46C6-90A1-D2D476389BD1}.Debug|x64.Build.0 = Debug|x64
		{47EC55E1-ADF8-46C6-90A1-D2D476389BD1}.Debug|x86.ActiveCfg = Debug|Win32
		{47EC55E1-ADF8-46C6-90A1-D2D476389BD1}.Debug|x86.Build.0 = Debug|Win32
		{47EC55E1-ADF8-46C6-90A1-D2D476389BD1}.Release|x64.ActiveCfg = Release|x64
		{47EC55E1-ADF8-46C6-90A1-D2D476389BD1}.Release|x64.Build.0 = Release|x64
		{47EC55E1-ADF8-46C6-90A1-D2D476389BD1}.Release|x86.ActiveCfg = Release|Win32
		{47EC55E1-ADF8-46C6-90A1-D2D476389BD1}.Release|x86.Build.0 = Release|Win32
	EndGlobalSection
	GlobalSection(SolutionProperties) = preSolution
		HideSolutionNode = FALSE
	EndGlobalSection
	GlobalSection(ExtensibilityGlobals) = postSolution
		SolutionGuid = {BA97EB13-7843-4E5D-B34B-7A4B8B9487E2}
	EndGlobalSection
EndGlobal
