
Microsoft Visual Studio Solution File, Format Version 12.00
# Visual Studio Version 17
VisualStudioVersion = 17.4.33213.308
MinimumVisualStudioVersion = 10.0.40219.1
Project("{8BC9CEB8-8B4A-11D0-8D11-00A0C91BC942}") = "HackerRank_PS(Intermediate)_Array", "HackerRank_PS(Intermediate)_Array.vcxproj", "{854877DE-2980-4A2D-B8F5-4E69E7A65C4A}"
EndProject
Global
	GlobalSection(SolutionConfigurationPlatforms) = preSolution
		Debug|x64 = Debug|x64
		Debug|x86 = Debug|x86
		Release|x64 = Release|x64
		Release|x86 = Release|x86
	EndGlobalSection
	GlobalSection(ProjectConfigurationPlatforms) = postSolution
		{854877DE-2980-4A2D-B8F5-4E69E7A65C4A}.Debug|x64.ActiveCfg = Debug|x64
		{854877DE-2980-4A2D-B8F5-4E69E7A65C4A}.Debug|x64.Build.0 = Debug|x64
		{854877DE-2980-4A2D-B8F5-4E69E7A65C4A}.Debug|x86.ActiveCfg = Debug|Win32
		{854877DE-2980-4A2D-B8F5-4E69E7A65C4A}.Debug|x86.Build.0 = Debug|Win32
		{854877DE-2980-4A2D-B8F5-4E69E7A65C4A}.Release|x64.ActiveCfg = Release|x64
		{854877DE-2980-4A2D-B8F5-4E69E7A65C4A}.Release|x64.Build.0 = Release|x64
		{854877DE-2980-4A2D-B8F5-4E69E7A65C4A}.Release|x86.ActiveCfg = Release|Win32
		{854877DE-2980-4A2D-B8F5-4E69E7A65C4A}.Release|x86.Build.0 = Release|Win32
	EndGlobalSection
	GlobalSection(SolutionProperties) = preSolution
		HideSolutionNode = FALSE
	EndGlobalSection
	GlobalSection(ExtensibilityGlobals) = postSolution
		SolutionGuid = {73F34565-A965-4268-B5F8-B90CBAC51CA8}
	EndGlobalSection
EndGlobal
